
Microsoft Visual Studio Solution File, Format Version 12.00
# Visual Studio Version 17
VisualStudioVersion = 17.0.31903.59
MinimumVisualStudioVersion = 10.0.40219.1
Project("{FAE04EC0-301F-11D3-BF4B-00C04F79EFBC}") = "RulebricksApi", "RulebricksApi\RulebricksApi.csproj", "{CA148AFF-D50E-454E-9D7E-0AEF2E985E90}"
EndProject
Project("{FAE04EC0-301F-11D3-BF4B-00C04F79EFBC}") = "RulebricksApi.Test", "RulebricksApi.Test\RulebricksApi.Test.csproj", "{620CD3B0-30A3-4862-B9E6-EAEBBCBB4928}"
EndProject
Global
	GlobalSection(SolutionConfigurationPlatforms) = preSolution
		Debug|Any CPU = Debug|Any CPU
		Release|Any CPU = Release|Any CPU
	EndGlobalSection
	GlobalSection(SolutionProperties) = preSolution
		HideSolutionNode = FALSE
	EndGlobalSection
	GlobalSection(ProjectConfigurationPlatforms) = postSolution
		{CA148AFF-D50E-454E-9D7E-0AEF2E985E90}.Debug|Any CPU.ActiveCfg = Debug|Any CPU
		{CA148AFF-D50E-454E-9D7E-0AEF2E985E90}.Debug|Any CPU.Build.0 = Debug|Any CPU
		{CA148AFF-D50E-454E-9D7E-0AEF2E985E90}.Release|Any CPU.ActiveCfg = Release|Any CPU
		{CA148AFF-D50E-454E-9D7E-0AEF2E985E90}.Release|Any CPU.Build.0 = Release|Any CPU
		{620CD3B0-30A3-4862-B9E6-EAEBBCBB4928}.Debug|Any CPU.ActiveCfg = Debug|Any CPU
		{620CD3B0-30A3-4862-B9E6-EAEBBCBB4928}.Debug|Any CPU.Build.0 = Debug|Any CPU
		{620CD3B0-30A3-4862-B9E6-EAEBBCBB4928}.Release|Any CPU.ActiveCfg = Release|Any CPU
		{620CD3B0-30A3-4862-B9E6-EAEBBCBB4928}.Release|Any CPU.Build.0 = Release|Any CPU
	EndGlobalSection
EndGlobal
