
Microsoft Visual Studio Solution File, Format Version 12.00
# Visual Studio Version 17
VisualStudioVersion = 17.0.31903.59
MinimumVisualStudioVersion = 10.0.40219.1
Project("{FAE04EC0-301F-11D3-BF4B-00C04F79EFBC}") = "RulebricksApi", "RulebricksApi\RulebricksApi.csproj", "{F17956B0-55B7-4937-A5FB-FCEF4626FB7E}"
EndProject
Project("{FAE04EC0-301F-11D3-BF4B-00C04F79EFBC}") = "RulebricksApi.Test", "RulebricksApi.Test\RulebricksApi.Test.csproj", "{8CF24F45-947A-48A8-B280-78B56A82DE27}"
EndProject
Global
	GlobalSection(SolutionConfigurationPlatforms) = preSolution
		Debug|Any CPU = Debug|Any CPU
		Release|Any CPU = Release|Any CPU
	EndGlobalSection
	GlobalSection(SolutionProperties) = preSolution
		HideSolutionNode = FALSE
	EndGlobalSection
	GlobalSection(ProjectConfigurationPlatforms) = postSolution
		{F17956B0-55B7-4937-A5FB-FCEF4626FB7E}.Debug|Any CPU.ActiveCfg = Debug|Any CPU
		{F17956B0-55B7-4937-A5FB-FCEF4626FB7E}.Debug|Any CPU.Build.0 = Debug|Any CPU
		{F17956B0-55B7-4937-A5FB-FCEF4626FB7E}.Release|Any CPU.ActiveCfg = Release|Any CPU
		{F17956B0-55B7-4937-A5FB-FCEF4626FB7E}.Release|Any CPU.Build.0 = Release|Any CPU
		{8CF24F45-947A-48A8-B280-78B56A82DE27}.Debug|Any CPU.ActiveCfg = Debug|Any CPU
		{8CF24F45-947A-48A8-B280-78B56A82DE27}.Debug|Any CPU.Build.0 = Debug|Any CPU
		{8CF24F45-947A-48A8-B280-78B56A82DE27}.Release|Any CPU.ActiveCfg = Release|Any CPU
		{8CF24F45-947A-48A8-B280-78B56A82DE27}.Release|Any CPU.Build.0 = Release|Any CPU
	EndGlobalSection
EndGlobal
