
Microsoft Visual Studio Solution File, Format Version 12.00
# Visual Studio Version 17
VisualStudioVersion = 17.0.31903.59
MinimumVisualStudioVersion = 10.0.40219.1
Project("{FAE04EC0-301F-11D3-BF4B-00C04F79EFBC}") = "RulebricksApi", "RulebricksApi\RulebricksApi.csproj", "{C19569D1-AF46-4AB2-BE49-C021ED3893A5}"
EndProject
Project("{FAE04EC0-301F-11D3-BF4B-00C04F79EFBC}") = "RulebricksApi.Test", "RulebricksApi.Test\RulebricksApi.Test.csproj", "{0DEB62B0-273F-4793-8C91-06D493DBD023}"
EndProject
Global
	GlobalSection(SolutionConfigurationPlatforms) = preSolution
		Debug|Any CPU = Debug|Any CPU
		Release|Any CPU = Release|Any CPU
	EndGlobalSection
	GlobalSection(SolutionProperties) = preSolution
		HideSolutionNode = FALSE
	EndGlobalSection
	GlobalSection(ProjectConfigurationPlatforms) = postSolution
		{C19569D1-AF46-4AB2-BE49-C021ED3893A5}.Debug|Any CPU.ActiveCfg = Debug|Any CPU
		{C19569D1-AF46-4AB2-BE49-C021ED3893A5}.Debug|Any CPU.Build.0 = Debug|Any CPU
		{C19569D1-AF46-4AB2-BE49-C021ED3893A5}.Release|Any CPU.ActiveCfg = Release|Any CPU
		{C19569D1-AF46-4AB2-BE49-C021ED3893A5}.Release|Any CPU.Build.0 = Release|Any CPU
		{0DEB62B0-273F-4793-8C91-06D493DBD023}.Debug|Any CPU.ActiveCfg = Debug|Any CPU
		{0DEB62B0-273F-4793-8C91-06D493DBD023}.Debug|Any CPU.Build.0 = Debug|Any CPU
		{0DEB62B0-273F-4793-8C91-06D493DBD023}.Release|Any CPU.ActiveCfg = Release|Any CPU
		{0DEB62B0-273F-4793-8C91-06D493DBD023}.Release|Any CPU.Build.0 = Release|Any CPU
	EndGlobalSection
EndGlobal
